
Microsoft Visual Studio Solution File, Format Version 12.00
# Visual Studio Version 16
VisualStudioVersion = 16.0.31702.278
MinimumVisualStudioVersion = 10.0.40219.1
Project("{FAE04EC0-301F-11D3-BF4B-00C04F79EFBC}") = "RestaurantRater", "RestaurantRater\RestaurantRater.csproj", "{EA6B8AD9-ED66-4D8A-B2AD-C06616930A9B}"
EndProject
Global
	GlobalSection(SolutionConfigurationPlatforms) = preSolution
		Debug|Any CPU = Debug|Any CPU
		Release|Any CPU = Release|Any CPU
	EndGlobalSection
	GlobalSection(ProjectConfigurationPlatforms) = postSolution
		{EA6B8AD9-ED66-4D8A-B2AD-C06616930A9B}.Debug|Any CPU.ActiveCfg = Debug|Any CPU
		{EA6B8AD9-ED66-4D8A-B2AD-C06616930A9B}.Debug|Any CPU.Build.0 = Debug|Any CPU
		{EA6B8AD9-ED66-4D8A-B2AD-C06616930A9B}.Release|Any CPU.ActiveCfg = Release|Any CPU
		{EA6B8AD9-ED66-4D8A-B2AD-C06616930A9B}.Release|Any CPU.Build.0 = Release|Any CPU
	EndGlobalSection
	GlobalSection(SolutionProperties) = preSolution
		HideSolutionNode = FALSE
	EndGlobalSection
	GlobalSection(ExtensibilityGlobals) = postSolution
		SolutionGuid = {57D0F11E-E24B-4AEE-A567-D20FC55FFFAF}
	EndGlobalSection
EndGlobal
